// !$*UTF8*$!
{
	archiveVersion = 1;
	classes = {
	};
	objectVersion = 46;
	objects = {

/* Begin PBXBuildFile section */
		87DDCA8E196831D200C61037 /* AppDelegate.swift in Sources */ = {isa = PBXBuildFile; fileRef = 87DDCA8D196831D200C61037 /* AppDelegate.swift */; };
		87DDCA90196831D200C61037 /* ViewController.swift in Sources */ = {isa = PBXBuildFile; fileRef = 87DDCA8F196831D200C61037 /* ViewController.swift */; };
		87DDCA93196831D200C61037 /* Main.storyboard in Resources */ = {isa = PBXBuildFile; fileRef = 87DDCA91196831D200C61037 /* Main.storyboard */; };
		87DDCA95196831D200C61037 /* Images.xcassets in Resources */ = {isa = PBXBuildFile; fileRef = 87DDCA94196831D200C61037 /* Images.xcassets */; };
		87DDCAA1196831D200C61037 /* ExampleJZCacheTests.swift in Sources */ = {isa = PBXBuildFile; fileRef = 87DDCAA0196831D200C61037 /* ExampleJZCacheTests.swift */; };
		87DDCAAE1968320C00C61037 /* JZCache.swift in Sources */ = {isa = PBXBuildFile; fileRef = 87DDCAAD1968320C00C61037 /* JZCache.swift */; };
/* End PBXBuildFile section */

/* Begin PBXContainerItemProxy section */
		87DDCA9B196831D200C61037 /* PBXContainerItemProxy */ = {
			isa = PBXContainerItemProxy;
			containerPortal = 87DDCA80196831D200C61037 /* Project object */;
			proxyType = 1;
			remoteGlobalIDString = 87DDCA87196831D200C61037;
			remoteInfo = ExampleJZCache;
		};
/* End PBXContainerItemProxy section */

/* Begin PBXFileReference section */
		87DDCA88196831D200C61037 /* ExampleJZCache.app */ = {isa = PBXFileReference; explicitFileType = wrapper.application; includeInIndex = 0; path = ExampleJZCache.app; sourceTree = BUILT_PRODUCTS_DIR; };
		87DDCA8C196831D200C61037 /* Info.plist */ = {isa = PBXFileReference; lastKnownFileType = text.plist.xml; path = Info.plist; sourceTree = "<group>"; };
		87DDCA8D196831D200C61037 /* AppDelegate.swift */ = {isa = PBXFileReference; lastKnownFileType = sourcecode.swift; path = AppDelegate.swift; sourceTree = "<group>"; };
		87DDCA8F196831D200C61037 /* ViewController.swift */ = {isa = PBXFileReference; lastKnownFileType = sourcecode.swift; path = ViewController.swift; sourceTree = "<group>"; };
		87DDCA92196831D200C61037 /* Base */ = {isa = PBXFileReference; lastKnownFileType = file.storyboard; name = Base; path = Base.lproj/Main.storyboard; sourceTree = "<group>"; };
		87DDCA94196831D200C61037 /* Images.xcassets */ = {isa = PBXFileReference; lastKnownFileType = folder.assetcatalog; path = Images.xcassets; sourceTree = "<group>"; };
		87DDCA9A196831D200C61037 /* ExampleJZCacheTests.xctest */ = {isa = PBXFileReference; explicitFileType = wrapper.cfbundle; includeInIndex = 0; path = ExampleJZCacheTests.xctest; sourceTree = BUILT_PRODUCTS_DIR; };
		87DDCA9F196831D200C61037 /* Info.plist */ = {isa = PBXFileReference; lastKnownFileType = text.plist.xml; path = Info.plist; sourceTree = "<group>"; };
		87DDCAA0196831D200C61037 /* ExampleJZCacheTests.swift */ = {isa = PBXFileReference; lastKnownFileType = sourcecode.swift; path = ExampleJZCacheTests.swift; sourceTree = "<group>"; };
		87DDCAAD1968320C00C61037 /* JZCache.swift */ = {isa = PBXFileReference; fileEncoding = 4; lastKnownFileType = sourcecode.swift; path = JZCache.swift; sourceTree = "<group>"; };
/* End PBXFileReference section */

/* Begin PBXFrameworksBuildPhase section */
		87DDCA85196831D200C61037 /* Frameworks */ = {
			isa = PBXFrameworksBuildPhase;
			buildActionMask = 2147483647;
			files = (
			);
			runOnlyForDeploymentPostprocessing = 0;
		};
		87DDCA97196831D200C61037 /* Frameworks */ = {
			isa = PBXFrameworksBuildPhase;
			buildActionMask = 2147483647;
			files = (
			);
			runOnlyForDeploymentPostprocessing = 0;
		};
/* End PBXFrameworksBuildPhase section */

/* Begin PBXGroup section */
		87DDCA7F196831D200C61037 = {
			isa = PBXGroup;
			children = (
				87DDCA8A196831D200C61037 /* ExampleJZCache */,
				87DDCA9D196831D200C61037 /* ExampleJZCacheTests */,
				87DDCA89196831D200C61037 /* Products */,
			);
			sourceTree = "<group>";
		};
		87DDCA89196831D200C61037 /* Products */ = {
			isa = PBXGroup;
			children = (
				87DDCA88196831D200C61037 /* ExampleJZCache.app */,
				87DDCA9A196831D200C61037 /* ExampleJZCacheTests.xctest */,
			);
			name = Products;
			sourceTree = "<group>";
		};
		87DDCA8A196831D200C61037 /* ExampleJZCache */ = {
			isa = PBXGroup;
			children = (
				87DDCAAC1968320C00C61037 /* JZCache */,
				87DDCA8D196831D200C61037 /* AppDelegate.swift */,
				87DDCA8F196831D200C61037 /* ViewController.swift */,
				87DDCA91196831D200C61037 /* Main.storyboard */,
				87DDCA94196831D200C61037 /* Images.xcassets */,
				87DDCA8B196831D200C61037 /* Supporting Files */,
			);
			path = ExampleJZCache;
			sourceTree = "<group>";
		};
		87DDCA8B196831D200C61037 /* Supporting Files */ = {
			isa = PBXGroup;
			children = (
				87DDCA8C196831D200C61037 /* Info.plist */,
			);
			name = "Supporting Files";
			sourceTree = "<group>";
		};
		87DDCA9D196831D200C61037 /* ExampleJZCacheTests */ = {
			isa = PBXGroup;
			children = (
				87DDCAA0196831D200C61037 /* ExampleJZCacheTests.swift */,
				87DDCA9E196831D200C61037 /* Supporting Files */,
			);
			path = ExampleJZCacheTests;
			sourceTree = "<group>";
		};
		87DDCA9E196831D200C61037 /* Supporting Files */ = {
			isa = PBXGroup;
			children = (
				87DDCA9F196831D200C61037 /* Info.plist */,
			);
			name = "Supporting Files";
			sourceTree = "<group>";
		};
		87DDCAAC1968320C00C61037 /* JZCache */ = {
			isa = PBXGroup;
			children = (
				87DDCAAD1968320C00C61037 /* JZCache.swift */,
			);
			path = JZCache;
			sourceTree = "<group>";
		};
/* End PBXGroup section */

/* Begin PBXNativeTarget section */
		87DDCA87196831D200C61037 /* ExampleJZCache */ = {
			isa = PBXNativeTarget;
			buildConfigurationList = 87DDCAA4196831D200C61037 /* Build configuration list for PBXNativeTarget "ExampleJZCache" */;
			buildPhases = (
				87DDCA84196831D200C61037 /* Sources */,
				87DDCA85196831D200C61037 /* Frameworks */,
				87DDCA86196831D200C61037 /* Resources */,
			);
			buildRules = (
			);
			dependencies = (
			);
			name = ExampleJZCache;
			productName = ExampleJZCache;
			productReference = 87DDCA88196831D200C61037 /* ExampleJZCache.app */;
			productType = "com.apple.product-type.application";
		};
		87DDCA99196831D200C61037 /* ExampleJZCacheTests */ = {
			isa = PBXNativeTarget;
			buildConfigurationList = 87DDCAA7196831D200C61037 /* Build configuration list for PBXNativeTarget "ExampleJZCacheTests" */;
			buildPhases = (
				87DDCA96196831D200C61037 /* Sources */,
				87DDCA97196831D200C61037 /* Frameworks */,
				87DDCA98196831D200C61037 /* Resources */,
			);
			buildRules = (
			);
			dependencies = (
				87DDCA9C196831D200C61037 /* PBXTargetDependency */,
			);
			name = ExampleJZCacheTests;
			productName = ExampleJZCacheTests;
			productReference = 87DDCA9A196831D200C61037 /* ExampleJZCacheTests.xctest */;
			productType = "com.apple.product-type.bundle.unit-test";
		};
/* End PBXNativeTarget section */

/* Begin PBXProject section */
		87DDCA80196831D200C61037 /* Project object */ = {
			isa = PBXProject;
			attributes = {
				LastUpgradeCheck = 0600;
				ORGANIZATIONNAME = "Jacek Zapart";
				TargetAttributes = {
					87DDCA87196831D200C61037 = {
						CreatedOnToolsVersion = 6.0;
					};
					87DDCA99196831D200C61037 = {
						CreatedOnToolsVersion = 6.0;
						TestTargetID = 87DDCA87196831D200C61037;
					};
				};
			};
			buildConfigurationList = 87DDCA83196831D200C61037 /* Build configuration list for PBXProject "ExampleJZCache" */;
			compatibilityVersion = "Xcode 3.2";
			developmentRegion = English;
			hasScannedForEncodings = 0;
			knownRegions = (
				en,
				Base,
			);
			mainGroup = 87DDCA7F196831D200C61037;
			productRefGroup = 87DDCA89196831D200C61037 /* Products */;
			projectDirPath = "";
			projectRoot = "";
			targets = (
				87DDCA87196831D200C61037 /* ExampleJZCache */,
				87DDCA99196831D200C61037 /* ExampleJZCacheTests */,
			);
		};
/* End PBXProject section */

/* Begin PBXResourcesBuildPhase section */
		87DDCA86196831D200C61037 /* Resources */ = {
			isa = PBXResourcesBuildPhase;
			buildActionMask = 2147483647;
			files = (
				87DDCA93196831D200C61037 /* Main.storyboard in Resources */,
				87DDCA95196831D200C61037 /* Images.xcassets in Resources */,
			);
			runOnlyForDeploymentPostprocessing = 0;
		};
		87DDCA98196831D200C61037 /* Resources */ = {
			isa = PBXResourcesBuildPhase;
			buildActionMask = 2147483647;
			files = (
			);
			runOnlyForDeploymentPostprocessing = 0;
		};
/* End PBXResourcesBuildPhase section */

/* Begin PBXSourcesBuildPhase section */
		87DDCA84196831D200C61037 /* Sources */ = {
			isa = PBXSourcesBuildPhase;
			buildActionMask = 2147483647;
			files = (
				87DDCA90196831D200C61037 /* ViewController.swift in Sources */,
				87DDCA8E196831D200C61037 /* AppDelegate.swift in Sources */,
				87DDCAAE1968320C00C61037 /* JZCache.swift in Sources */,
			);
			runOnlyForDeploymentPostprocessing = 0;
		};
		87DDCA96196831D200C61037 /* Sources */ = {
			isa = PBXSourcesBuildPhase;
			buildActionMask = 2147483647;
			files = (
				87DDCAA1196831D200C61037 /* ExampleJZCacheTests.swift in Sources */,
			);
			runOnlyForDeploymentPostprocessing = 0;
		};
/* End PBXSourcesBuildPhase section */

/* Begin PBXTargetDependency section */
		87DDCA9C196831D200C61037 /* PBXTargetDependency */ = {
			isa = PBXTargetDependency;
			target = 87DDCA87196831D200C61037 /* ExampleJZCache */;
			targetProxy = 87DDCA9B196831D200C61037 /* PBXContainerItemProxy */;
		};
/* End PBXTargetDependency section */

/* Begin PBXVariantGroup section */
		87DDCA91196831D200C61037 /* Main.storyboard */ = {
			isa = PBXVariantGroup;
			children = (
				87DDCA92196831D200C61037 /* Base */,
			);
			name = Main.storyboard;
			sourceTree = "<group>";
		};
/* End PBXVariantGroup section */

/* Begin XCBuildConfiguration section */
		87DDCAA2196831D200C61037 /* Debug */ = {
			isa = XCBuildConfiguration;
			buildSettings = {
				ALWAYS_SEARCH_USER_PATHS = NO;
				CLANG_CXX_LANGUAGE_STANDARD = "gnu++0x";
				CLANG_CXX_LIBRARY = "libc++";
				CLANG_ENABLE_MODULES = YES;
				CLANG_ENABLE_OBJC_ARC = YES;
				CLANG_WARN_BOOL_CONVERSION = YES;
				CLANG_WARN_CONSTANT_CONVERSION = YES;
				CLANG_WARN_DIRECT_OBJC_ISA_USAGE = YES_ERROR;
				CLANG_WARN_EMPTY_BODY = YES;
				CLANG_WARN_ENUM_CONVERSION = YES;
				CLANG_WARN_INT_CONVERSION = YES;
				CLANG_WARN_OBJC_ROOT_CLASS = YES_ERROR;
				CLANG_WARN_UNREACHABLE_CODE = YES;
				CLANG_WARN__DUPLICATE_METHOD_MATCH = YES;
				"CODE_SIGN_IDENTITY[sdk=iphoneos*]" = "iPhone Developer";
				COPY_PHASE_STRIP = NO;
				ENABLE_STRICT_OBJC_MSGSEND = YES;
				GCC_C_LANGUAGE_STANDARD = gnu99;
				GCC_DYNAMIC_NO_PIC = NO;
				GCC_OPTIMIZATION_LEVEL = 0;
				GCC_PREPROCESSOR_DEFINITIONS = (
					"DEBUG=1",
					"$(inherited)",
				);
				GCC_SYMBOLS_PRIVATE_EXTERN = NO;
				GCC_WARN_64_TO_32_BIT_CONVERSION = YES;
				GCC_WARN_ABOUT_RETURN_TYPE = YES_ERROR;
				GCC_WARN_UNDECLARED_SELECTOR = YES;
				GCC_WARN_UNINITIALIZED_AUTOS = YES_AGGRESSIVE;
				GCC_WARN_UNUSED_FUNCTION = YES;
				GCC_WARN_UNUSED_VARIABLE = YES;
				IPHONEOS_DEPLOYMENT_TARGET = 8.0;
				METAL_ENABLE_DEBUG_INFO = YES;
				ONLY_ACTIVE_ARCH = YES;
				SDKROOT = iphoneos;
				SWIFT_OPTIMIZATION_LEVEL = "-Onone";
				TARGETED_DEVICE_FAMILY = "1,2";
			};
			name = Debug;
		};
		87DDCAA3196831D200C61037 /* Release */ = {
			isa = XCBuildConfiguration;
			buildSettings = {
				ALWAYS_SEARCH_USER_PATHS = NO;
				CLANG_CXX_LANGUAGE_STANDARD = "gnu++0x";
				CLANG_CXX_LIBRARY = "libc++";
				CLANG_ENABLE_MODULES = YES;
				CLANG_ENABLE_OBJC_ARC = YES;
				CLANG_WARN_BOOL_CONVERSION = YES;
				CLANG_WARN_CONSTANT_CONVERSION = YES;
				CLANG_WARN_DIRECT_OBJC_ISA_USAGE = YES_ERROR;
				CLANG_WARN_EMPTY_BODY = YES;
				CLANG_WARN_ENUM_CONVERSION = YES;
				CLANG_WARN_INT_CONVERSION = YES;
				CLANG_WARN_OBJC_ROOT_CLASS = YES_ERROR;
				CLANG_WARN_UNREACHABLE_CODE = YES;
				CLANG_WARN__DUPLICATE_METHOD_MATCH = YES;
				"CODE_SIGN_IDENTITY[sdk=iphoneos*]" = "iPhone Developer";
				COPY_PHASE_STRIP = YES;
				ENABLE_NS_ASSERTIONS = NO;
				ENABLE_STRICT_OBJC_MSGSEND = YES;
				GCC_C_LANGUAGE_STANDARD = gnu99;
				GCC_WARN_64_TO_32_BIT_CONVERSION = YES;
				GCC_WARN_ABOUT_RETURN_TYPE = YES_ERROR;
				GCC_WARN_UNDECLARED_SELECTOR = YES;
				GCC_WARN_UNINITIALIZED_AUTOS = YES_AGGRESSIVE;
				GCC_WARN_UNUSED_FUNCTION = YES;
				GCC_WARN_UNUSED_VARIABLE = YES;
				IPHONEOS_DEPLOYMENT_TARGET = 8.0;
				METAL_ENABLE_DEBUG_INFO = NO;
				SDKROOT = iphoneos;
				TARGETED_DEVICE_FAMILY = "1,2";
				VALIDATE_PRODUCT = YES;
			};
			name = Release;
		};
		87DDCAA5196831D200C61037 /* Debug */ = {
			isa = XCBuildConfiguration;
			buildSettings = {
				ASSETCATALOG_COMPILER_APPICON_NAME = AppIcon;
				ASSETCATALOG_COMPILER_LAUNCHIMAGE_NAME = LaunchImage;
				INFOPLIST_FILE = ExampleJZCache/Info.plist;
				LD_RUNPATH_SEARCH_PATHS = "$(inherited) @executable_path/Frameworks";
				PRODUCT_NAME = "$(TARGET_NAME)";
			};
			name = Debug;
		};
		87DDCAA6196831D200C61037 /* Release */ = {
			isa = XCBuildConfiguration;
			buildSettings = {
				ASSETCATALOG_COMPILER_APPICON_NAME = AppIcon;
				ASSETCATALOG_COMPILER_LAUNCHIMAGE_NAME = LaunchImage;
				INFOPLIST_FILE = ExampleJZCache/Info.plist;
				LD_RUNPATH_SEARCH_PATHS = "$(inherited) @executable_path/Frameworks";
				PRODUCT_NAME = "$(TARGET_NAME)";
			};
			name = Release;
		};
		87DDCAA8196831D200C61037 /* Debug */ = {
			isa = XCBuildConfiguration;
			buildSettings = {
				BUNDLE_LOADER = "$(BUILT_PRODUCTS_DIR)/ExampleJZCache.app/ExampleJZCache";
				FRAMEWORK_SEARCH_PATHS = (
					"$(SDKROOT)/Developer/Library/Frameworks",
					"$(inherited)",
				);
				GCC_PREPROCESSOR_DEFINITIONS = (
					"DEBUG=1",
					"$(inherited)",
				);
				INFOPLIST_FILE = ExampleJZCacheTests/Info.plist;
				LD_RUNPATH_SEARCH_PATHS = "$(inherited) @executable_path/Frameworks @loader_path/Frameworks";
				METAL_ENABLE_DEBUG_INFO = YES;
				PRODUCT_NAME = "$(TARGET_NAME)";
				TEST_HOST = "$(BUNDLE_LOADER)";
			};
			name = Debug;
		};
		87DDCAA9196831D200C61037 /* Release */ = {
			isa = XCBuildConfiguration;
			buildSettings = {
				BUNDLE_LOADER = "$(BUILT_PRODUCTS_DIR)/ExampleJZCache.app/ExampleJZCache";
				FRAMEWORK_SEARCH_PATHS = (
					"$(SDKROOT)/Developer/Library/Frameworks",
					"$(inherited)",
				);
				INFOPLIST_FILE = ExampleJZCacheTests/Info.plist;
				LD_RUNPATH_SEARCH_PATHS = "$(inherited) @executable_path/Frameworks @loader_path/Frameworks";
				METAL_ENABLE_DEBUG_INFO = NO;
				PRODUCT_NAME = "$(TARGET_NAME)";
				TEST_HOST = "$(BUNDLE_LOADER)";
			};
			name = Release;
		};
/* End XCBuildConfiguration section */

/* Begin XCConfigurationList section */
		87DDCA83196831D200C61037 /* Build configuration list for PBXProject "ExampleJZCache" */ = {
			isa = XCConfigurationList;
			buildConfigurations = (
				87DDCAA2196831D200C61037 /* Debug */,
				87DDCAA3196831D200C61037 /* Release */,
			);
			defaultConfigurationIsVisible = 0;
			defaultConfigurationName = Release;
		};
		87DDCAA4196831D200C61037 /* Build configuration list for PBXNativeTarget "ExampleJZCache" */ = {
			isa = XCConfigurationList;
			buildConfigurations = (
				87DDCAA5196831D200C61037 /* Debug */,
				87DDCAA6196831D200C61037 /* Release */,
			);
			defaultConfigurationIsVisible = 0;
		};
		87DDCAA7196831D200C61037 /* Build configuration list for PBXNativeTarget "ExampleJZCacheTests" */ = {
			isa = XCConfigurationList;
			buildConfigurations = (
				87DDCAA8196831D200C61037 /* Debug */,
				87DDCAA9196831D200C61037 /* Release */,
			);
			defaultConfigurationIsVisible = 0;
		};
/* End XCConfigurationList section */
	};
	rootObject = 87DDCA80196831D200C61037 /* Project object */;
}
